PODS:
  - Appodeal (2.4.10):
    - Appodeal/Full (= 2.4.10)
  - Appodeal/AdColonyAdapter (2.4.10):
    - Appodeal/AdExchangeAdapter
    - Appodeal/Core
  - Appodeal/AdExchangeAdapter (2.4.10):
    - Appodeal/Core
  - Appodeal/AmazonAdsAdapter (2.4.10):
    - Appodeal/Core
  - Appodeal/AppLovinAdapter (2.4.10):
    - Appodeal/AdExchangeAdapter
    - Appodeal/Core
  - Appodeal/Banner (2.4.10):
    - Appodeal/AdExchangeAdapter
    - Appodeal/AmazonAdsAdapter
    - Appodeal/AppLovinAdapter
    - Appodeal/FacebookAudienceAdapter
    - Appodeal/GoogleAdMobAdapter
    - Appodeal/InMobiAdapter
    - Appodeal/MyTargetAdapter
    - Appodeal/StartAppAdapter
    - Appodeal/TwitterMoPubAdapter
    - Appodeal/YandexAdapter
  - Appodeal/ChartboostAdapter (2.4.10):
    - Appodeal/Core
  - Appodeal/Core (2.4.10)
  - Appodeal/FacebookAudienceAdapter (2.4.10):
    - Appodeal/Core
  - Appodeal/FlurryAdapter (2.4.10):
    - Appodeal/Core
  - Appodeal/Full (2.4.10):
    - Appodeal/Banner
    - Appodeal/Core
    - Appodeal/Interstitial
    - Appodeal/Native
    - Appodeal/Video
  - Appodeal/GoogleAdMobAdapter (2.4.10):
    - Appodeal/Core
  - Appodeal/InMobiAdapter (2.4.10):
    - Appodeal/Core
  - Appodeal/Interstitial (2.4.10):
    - Appodeal/AmazonAdsAdapter
    - Appodeal/FacebookAudienceAdapter
    - Appodeal/GoogleAdMobAdapter
    - Appodeal/InMobiAdapter
    - Appodeal/Video
    - Appodeal/YandexAdapter
  - Appodeal/IronSource (2.4.10):
    - Appodeal/Core
  - Appodeal/MobvistaAdapter (2.4.10):
    - Appodeal/Core
  - Appodeal/MyTargetAdapter (2.4.10):
    - Appodeal/Core
  - Appodeal/Native (2.4.10):
    - Appodeal/AdExchangeAdapter
    - Appodeal/AppLovinAdapter
    - Appodeal/FacebookAudienceAdapter
    - Appodeal/FlurryAdapter
    - Appodeal/InMobiAdapter
    - Appodeal/MyTargetAdapter
    - Appodeal/PubnativeAdapter
    - Appodeal/StartAppAdapter
    - Appodeal/TwitterMoPubAdapter
  - Appodeal/PubnativeAdapter (2.4.10):
    - Appodeal/Core
  - Appodeal/StartAppAdapter (2.4.10):
    - Appodeal/Core
  - Appodeal/TapjoyAdapter (2.4.10):
    - Appodeal/Core
  - Appodeal/TwitterMoPubAdapter (2.4.10):
    - Appodeal/Core
  - Appodeal/UnityAdapter (2.4.10):
    - Appodeal/Core
  - Appodeal/Video (2.4.10):
    - Appodeal/AdColonyAdapter
    - Appodeal/AdExchangeAdapter
    - Appodeal/AppLovinAdapter
    - Appodeal/ChartboostAdapter
    - Appodeal/InMobiAdapter
    - Appodeal/IronSource
    - Appodeal/MobvistaAdapter
    - Appodeal/MyTargetAdapter
    - Appodeal/StartAppAdapter
    - Appodeal/TapjoyAdapter
    - Appodeal/TwitterMoPubAdapter
    - Appodeal/UnityAdapter
    - Appodeal/VungleAdapter
  - Appodeal/VungleAdapter (2.4.10):
    - Appodeal/AdExchangeAdapter
    - Appodeal/Core
  - Appodeal/YandexAdapter (2.4.10):
    - Appodeal/Core
  - Flutter (1.0.0)
  - flutter_appodeal_ads (0.0.1):
    - Appodeal (= 2.4.10)
    - Flutter

DEPENDENCIES:
  - Flutter (from `.symlinks/flutter/ios`)
  - flutter_appodeal_ads (from `.symlinks/plugins/flutter_appodeal_ads/ios`)

SPEC REPOS:
  https://github.com/CocoaPods/Specs.git:
    - Appodeal

EXTERNAL SOURCES:
  Flutter:
    :path: ".symlinks/flutter/ios"
  flutter_appodeal_ads:
    :path: ".symlinks/plugins/flutter_appodeal_ads/ios"

SPEC CHECKSUMS:
  Appodeal: 7c655d91a5e200a73140e9be90f57a6a9a893cc8
  Flutter: 9d0fac939486c9aba2809b7982dfdbb47a7b0296
  flutter_appodeal_ads: 555c1ddcf9f181693a0201233d40fdd41aefe20b

PODFILE CHECKSUM: 410c9e65c7c83cc4e9336dd8133c34c36d11bac0

COCOAPODS: 1.5.0
